// !$*UTF8*$!
{
	archiveVersion = 1;
	classes = {
	};
	objectVersion = 56;
	objects = {

/* Begin PBXBuildFile section */
		6719A1392A12657D000C9A32 /* informationExamApp.swift in Sources */ = {isa = PBXBuildFile; fileRef = 6719A1382A12657D000C9A32 /* informationExamApp.swift */; };
		6719A13B2A12657D000C9A32 /* ContentView.swift in Sources */ = {isa = PBXBuildFile; fileRef = 6719A13A2A12657D000C9A32 /* ContentView.swift */; };
		6719A13D2A12657E000C9A32 /* Assets.xcassets in Resources */ = {isa = PBXBuildFile; fileRef = 6719A13C2A12657E000C9A32 /* Assets.xcassets */; };
		6719A1402A12657E000C9A32 /* Preview Assets.xcassets in Resources */ = {isa = PBXBuildFile; fileRef = 6719A13F2A12657E000C9A32 /* Preview Assets.xcassets */; };
		6719A14A2A12657E000C9A32 /* informationExamTests.swift in Sources */ = {isa = PBXBuildFile; fileRef = 6719A1492A12657E000C9A32 /* informationExamTests.swift */; };
		6719A1542A12657E000C9A32 /* informationExamUITests.swift in Sources */ = {isa = PBXBuildFile; fileRef = 6719A1532A12657E000C9A32 /* informationExamUITests.swift */; };
		6719A1562A12657E000C9A32 /* informationExamUITestsLaunchTests.swift in Sources */ = {isa = PBXBuildFile; fileRef = 6719A1552A12657E000C9A32 /* informationExamUITestsLaunchTests.swift */; };
/* End PBXBuildFile section */

/* Begin PBXContainerItemProxy section */
		6719A1462A12657E000C9A32 /* PBXContainerItemProxy */ = {
			isa = PBXContainerItemProxy;
			containerPortal = 6719A12D2A12657D000C9A32 /* Project object */;
			proxyType = 1;
			remoteGlobalIDString = 6719A1342A12657D000C9A32;
			remoteInfo = informationExam;
		};
		6719A1502A12657E000C9A32 /* PBXContainerItemProxy */ = {
			isa = PBXContainerItemProxy;
			containerPortal = 6719A12D2A12657D000C9A32 /* Project object */;
			proxyType = 1;
			remoteGlobalIDString = 6719A1342A12657D000C9A32;
			remoteInfo = informationExam;
		};
/* End PBXContainerItemProxy section */

/* Begin PBXFileReference section */
		6719A1352A12657D000C9A32 /* informationExam.app */ = {isa = PBXFileReference; explicitFileType = wrapper.application; includeInIndex = 0; path = informationExam.app; sourceTree = BUILT_PRODUCTS_DIR; };
		6719A1382A12657D000C9A32 /* informationExamApp.swift */ = {isa = PBXFileReference; lastKnownFileType = sourcecode.swift; path = informationExamApp.swift; sourceTree = "<group>"; };
		6719A13A2A12657D000C9A32 /* ContentView.swift */ = {isa = PBXFileReference; lastKnownFileType = sourcecode.swift; path = ContentView.swift; sourceTree = "<group>"; };
		6719A13C2A12657E000C9A32 /* Assets.xcassets */ = {isa = PBXFileReference; lastKnownFileType = folder.assetcatalog; path = Assets.xcassets; sourceTree = "<group>"; };
		6719A13F2A12657E000C9A32 /* Preview Assets.xcassets */ = {isa = PBXFileReference; lastKnownFileType = folder.assetcatalog; path = "Preview Assets.xcassets"; sourceTree = "<group>"; };
		6719A1452A12657E000C9A32 /* informationExamTests.xctest */ = {isa = PBXFileReference; explicitFileType = wrapper.cfbundle; includeInIndex = 0; path = informationExamTests.xctest; sourceTree = BUILT_PRODUCTS_DIR; };
		6719A1492A12657E000C9A32 /* informationExamTests.swift */ = {isa = PBXFileReference; lastKnownFileType = sourcecode.swift; path = informationExamTests.swift; sourceTree = "<group>"; };
		6719A14F2A12657E000C9A32 /* informationExamUITests.xctest */ = {isa = PBXFileReference; explicitFileType = wrapper.cfbundle; includeInIndex = 0; path = informationExamUITests.xctest; sourceTree = BUILT_PRODUCTS_DIR; };
		6719A1532A12657E000C9A32 /* informationExamUITests.swift */ = {isa = PBXFileReference; lastKnownFileType = sourcecode.swift; path = informationExamUITests.swift; sourceTree = "<group>"; };
		6719A1552A12657E000C9A32 /* informationExamUITestsLaunchTests.swift */ = {isa = PBXFileReference; lastKnownFileType = sourcecode.swift; path = informationExamUITestsLaunchTests.swift; sourceTree = "<group>"; };
/* End PBXFileReference section */

/* Begin PBXFrameworksBuildPhase section */
		6719A1322A12657D000C9A32 /* Frameworks */ = {
			isa = PBXFrameworksBuildPhase;
			buildActionMask = 2147483647;
			files = (
			);
			runOnlyForDeploymentPostprocessing = 0;
		};
		6719A1422A12657E000C9A32 /* Frameworks */ = {
			isa = PBXFrameworksBuildPhase;
			buildActionMask = 2147483647;
			files = (
			);
			runOnlyForDeploymentPostprocessing = 0;
		};
		6719A14C2A12657E000C9A32 /* Frameworks */ = {
			isa = PBXFrameworksBuildPhase;
			buildActionMask = 2147483647;
			files = (
			);
			runOnlyForDeploymentPostprocessing = 0;
		};
/* End PBXFrameworksBuildPhase section */

/* Begin PBXGroup section */
		6719A12C2A12657D000C9A32 = {
			isa = PBXGroup;
			children = (
				6719A1372A12657D000C9A32 /* informationExam */,
				6719A1482A12657E000C9A32 /* informationExamTests */,
				6719A1522A12657E000C9A32 /* informationExamUITests */,
				6719A1362A12657D000C9A32 /* Products */,
			);
			sourceTree = "<group>";
		};
		6719A1362A12657D000C9A32 /* Products */ = {
			isa = PBXGroup;
			children = (
				6719A1352A12657D000C9A32 /* informationExam.app */,
				6719A1452A12657E000C9A32 /* informationExamTests.xctest */,
				6719A14F2A12657E000C9A32 /* informationExamUITests.xctest */,
			);
			name = Products;
			sourceTree = "<group>";
		};
		6719A1372A12657D000C9A32 /* informationExam */ = {
			isa = PBXGroup;
			children = (
				6719A1382A12657D000C9A32 /* informationExamApp.swift */,
				6719A13A2A12657D000C9A32 /* ContentView.swift */,
				6719A13C2A12657E000C9A32 /* Assets.xcassets */,
				6719A13E2A12657E000C9A32 /* Preview Content */,
			);
			path = informationExam;
			sourceTree = "<group>";
		};
		6719A13E2A12657E000C9A32 /* Preview Content */ = {
			isa = PBXGroup;
			children = (
				6719A13F2A12657E000C9A32 /* Preview Assets.xcassets */,
			);
			path = "Preview Content";
			sourceTree = "<group>";
		};
		6719A1482A12657E000C9A32 /* informationExamTests */ = {
			isa = PBXGroup;
			children = (
				6719A1492A12657E000C9A32 /* informationExamTests.swift */,
			);
			path = informationExamTests;
			sourceTree = "<group>";
		};
		6719A1522A12657E000C9A32 /* informationExamUITests */ = {
			isa = PBXGroup;
			children = (
				6719A1532A12657E000C9A32 /* informationExamUITests.swift */,
				6719A1552A12657E000C9A32 /* informationExamUITestsLaunchTests.swift */,
			);
			path = informationExamUITests;
			sourceTree = "<group>";
		};
/* End PBXGroup section */

/* Begin PBXNativeTarget section */
		6719A1342A12657D000C9A32 /* informationExam */ = {
			isa = PBXNativeTarget;
			buildConfigurationList = 6719A1592A12657E000C9A32 /* Build configuration list for PBXNativeTarget "informationExam" */;
			buildPhases = (
				6719A1312A12657D000C9A32 /* Sources */,
				6719A1322A12657D000C9A32 /* Frameworks */,
				6719A1332A12657D000C9A32 /* Resources */,
			);
			buildRules = (
			);
			dependencies = (
			);
			name = informationExam;
			productName = informationExam;
			productReference = 6719A1352A12657D000C9A32 /* informationExam.app */;
			productType = "com.apple.product-type.application";
		};
		6719A1442A12657E000C9A32 /* informationExamTests */ = {
			isa = PBXNativeTarget;
			buildConfigurationList = 6719A15C2A12657E000C9A32 /* Build configuration list for PBXNativeTarget "informationExamTests" */;
			buildPhases = (
				6719A1412A12657E000C9A32 /* Sources */,
				6719A1422A12657E000C9A32 /* Frameworks */,
				6719A1432A12657E000C9A32 /* Resources */,
			);
			buildRules = (
			);
			dependencies = (
				6719A1472A12657E000C9A32 /* PBXTargetDependency */,
			);
			name = informationExamTests;
			productName = informationExamTests;
			productReference = 6719A1452A12657E000C9A32 /* informationExamTests.xctest */;
			productType = "com.apple.product-type.bundle.unit-test";
		};
		6719A14E2A12657E000C9A32 /* informationExamUITests */ = {
			isa = PBXNativeTarget;
			buildConfigurationList = 6719A15F2A12657E000C9A32 /* Build configuration list for PBXNativeTarget "informationExamUITests" */;
			buildPhases = (
				6719A14B2A12657E000C9A32 /* Sources */,
				6719A14C2A12657E000C9A32 /* Frameworks */,
				6719A14D2A12657E000C9A32 /* Resources */,
			);
			buildRules = (
			);
			dependencies = (
				6719A1512A12657E000C9A32 /* PBXTargetDependency */,
			);
			name = informationExamUITests;
			productName = informationExamUITests;
			productReference = 6719A14F2A12657E000C9A32 /* informationExamUITests.xctest */;
			productType = "com.apple.product-type.bundle.ui-testing";
		};
/* End PBXNativeTarget section */

/* Begin PBXProject section */
		6719A12D2A12657D000C9A32 /* Project object */ = {
			isa = PBXProject;
			attributes = {
				BuildIndependentTargetsInParallel = 1;
				LastSwiftUpdateCheck = 1430;
				LastUpgradeCheck = 1430;
				TargetAttributes = {
					6719A1342A12657D000C9A32 = {
						CreatedOnToolsVersion = 14.3;
					};
					6719A1442A12657E000C9A32 = {
						CreatedOnToolsVersion = 14.3;
						TestTargetID = 6719A1342A12657D000C9A32;
					};
					6719A14E2A12657E000C9A32 = {
						CreatedOnToolsVersion = 14.3;
						TestTargetID = 6719A1342A12657D000C9A32;
					};
				};
			};
			buildConfigurationList = 6719A1302A12657D000C9A32 /* Build configuration list for PBXProject "informationExam" */;
			compatibilityVersion = "Xcode 14.0";
			developmentRegion = en;
			hasScannedForEncodings = 0;
			knownRegions = (
				en,
				Base,
			);
			mainGroup = 6719A12C2A12657D000C9A32;
			productRefGroup = 6719A1362A12657D000C9A32 /* Products */;
			projectDirPath = "";
			projectRoot = "";
			targets = (
				6719A1342A12657D000C9A32 /* informationExam */,
				6719A1442A12657E000C9A32 /* informationExamTests */,
				6719A14E2A12657E000C9A32 /* informationExamUITests */,
			);
		};
/* End PBXProject section */

/* Begin PBXResourcesBuildPhase section */
		6719A1332A12657D000C9A32 /* Resources */ = {
			isa = PBXResourcesBuildPhase;
			buildActionMask = 2147483647;
			files = (
				6719A1402A12657E000C9A32 /* Preview Assets.xcassets in Resources */,
				6719A13D2A12657E000C9A32 /* Assets.xcassets in Resources */,
			);
			runOnlyForDeploymentPostprocessing = 0;
		};
		6719A1432A12657E000C9A32 /* Resources */ = {
			isa = PBXResourcesBuildPhase;
			buildActionMask = 2147483647;
			files = (
			);
			runOnlyForDeploymentPostprocessing = 0;
		};
		6719A14D2A12657E000C9A32 /* Resources */ = {
			isa = PBXResourcesBuildPhase;
			buildActionMask = 2147483647;
			files = (
			);
			runOnlyForDeploymentPostprocessing = 0;
		};
/* End PBXResourcesBuildPhase section */

/* Begin PBXSourcesBuildPhase section */
		6719A1312A12657D000C9A32 /* Sources */ = {
			isa = PBXSourcesBuildPhase;
			buildActionMask = 2147483647;
			files = (
				6719A13B2A12657D000C9A32 /* ContentView.swift in Sources */,
				6719A1392A12657D000C9A32 /* informationExamApp.swift in Sources */,
			);
			runOnlyForDeploymentPostprocessing = 0;
		};
		6719A1412A12657E000C9A32 /* Sources */ = {
			isa = PBXSourcesBuildPhase;
			buildActionMask = 2147483647;
			files = (
				6719A14A2A12657E000C9A32 /* informationExamTests.swift in Sources */,
			);
			runOnlyForDeploymentPostprocessing = 0;
		};
		6719A14B2A12657E000C9A32 /* Sources */ = {
			isa = PBXSourcesBuildPhase;
			buildActionMask = 2147483647;
			files = (
				6719A1562A12657E000C9A32 /* informationExamUITestsLaunchTests.swift in Sources */,
				6719A1542A12657E000C9A32 /* informationExamUITests.swift in Sources */,
			);
			runOnlyForDeploymentPostprocessing = 0;
		};
/* End PBXSourcesBuildPhase section */

/* Begin PBXTargetDependency section */
		6719A1472A12657E000C9A32 /* PBXTargetDependency */ = {
			isa = PBXTargetDependency;
			target = 6719A1342A12657D000C9A32 /* informationExam */;
			targetProxy = 6719A1462A12657E000C9A32 /* PBXContainerItemProxy */;
		};
		6719A1512A12657E000C9A32 /* PBXTargetDependency */ = {
			isa = PBXTargetDependency;
			target = 6719A1342A12657D000C9A32 /* informationExam */;
			targetProxy = 6719A1502A12657E000C9A32 /* PBXContainerItemProxy */;
		};
/* End PBXTargetDependency section */

/* Begin XCBuildConfiguration section */
		6719A1572A12657E000C9A32 /* Debug */ = {
			isa = XCBuildConfiguration;
			buildSettings = {
				ALWAYS_SEARCH_USER_PATHS = NO;
				CLANG_ANALYZER_NONNULL = YES;
				CLANG_ANALYZER_NUMBER_OBJECT_CONVERSION = YES_AGGRESSIVE;
				CLANG_CXX_LANGUAGE_STANDARD = "gnu++20";
				CLANG_ENABLE_MODULES = YES;
				CLANG_ENABLE_OBJC_ARC = YES;
				CLANG_ENABLE_OBJC_WEAK = YES;
				CLANG_WARN_BLOCK_CAPTURE_AUTORELEASING = YES;
				CLANG_WARN_BOOL_CONVERSION = YES;
				CLANG_WARN_COMMA = YES;
				CLANG_WARN_CONSTANT_CONVERSION = YES;
				CLANG_WARN_DEPRECATED_OBJC_IMPLEMENTATIONS = YES;
				CLANG_WARN_DIRECT_OBJC_ISA_USAGE = YES_ERROR;
				CLANG_WARN_DOCUMENTATION_COMMENTS = YES;
				CLANG_WARN_EMPTY_BODY = YES;
				CLANG_WARN_ENUM_CONVERSION = YES;
				CLANG_WARN_INFINITE_RECURSION = YES;
				CLANG_WARN_INT_CONVERSION = YES;
				CLANG_WARN_NON_LITERAL_NULL_CONVERSION = YES;
				CLANG_WARN_OBJC_IMPLICIT_RETAIN_SELF = YES;
				CLANG_WARN_OBJC_LITERAL_CONVERSION = YES;
				CLANG_WARN_OBJC_ROOT_CLASS = YES_ERROR;
				CLANG_WARN_QUOTED_INCLUDE_IN_FRAMEWORK_HEADER = YES;
				CLANG_WARN_RANGE_LOOP_ANALYSIS = YES;
				CLANG_WARN_STRICT_PROTOTYPES = YES;
				CLANG_WARN_SUSPICIOUS_MOVE = YES;
				CLANG_WARN_UNGUARDED_AVAILABILITY = YES_AGGRESSIVE;
				CLANG_WARN_UNREACHABLE_CODE = YES;
				CLANG_WARN__DUPLICATE_METHOD_MATCH = YES;
				COPY_PHASE_STRIP = NO;
				DEBUG_INFORMATION_FORMAT = dwarf;
				ENABLE_STRICT_OBJC_MSGSEND = YES;
				ENABLE_TESTABILITY = YES;
				GCC_C_LANGUAGE_STANDARD = gnu11;
				GCC_DYNAMIC_NO_PIC = NO;
				GCC_NO_COMMON_BLOCKS = YES;
				GCC_OPTIMIZATION_LEVEL = 0;
				GCC_PREPROCESSOR_DEFINITIONS = (
					"DEBUG=1",
					"$(inherited)",
				);
				GCC_WARN_64_TO_32_BIT_CONVERSION = YES;
				GCC_WARN_ABOUT_RETURN_TYPE = YES_ERROR;
				GCC_WARN_UNDECLARED_SELECTOR = YES;
				GCC_WARN_UNINITIALIZED_AUTOS = YES_AGGRESSIVE;
				GCC_WARN_UNUSED_FUNCTION = YES;
				GCC_WARN_UNUSED_VARIABLE = YES;
				IPHONEOS_DEPLOYMENT_TARGET = 16.4;
				MTL_ENABLE_DEBUG_INFO = INCLUDE_SOURCE;
				MTL_FAST_MATH = YES;
				ONLY_ACTIVE_ARCH = YES;
				SDKROOT = iphoneos;
				SWIFT_ACTIVE_COMPILATION_CONDITIONS = DEBUG;
				SWIFT_OPTIMIZATION_LEVEL = "-Onone";
			};
			name = Debug;
		};
		6719A1582A12657E000C9A32 /* Release */ = {
			isa = XCBuildConfiguration;
			buildSettings = {
				ALWAYS_SEARCH_USER_PATHS = NO;
				CLANG_ANALYZER_NONNULL = YES;
				CLANG_ANALYZER_NUMBER_OBJECT_CONVERSION = YES_AGGRESSIVE;
				CLANG_CXX_LANGUAGE_STANDARD = "gnu++20";
				CLANG_ENABLE_MODULES = YES;
				CLANG_ENABLE_OBJC_ARC = YES;
				CLANG_ENABLE_OBJC_WEAK = YES;
				CLANG_WARN_BLOCK_CAPTURE_AUTORELEASING = YES;
				CLANG_WARN_BOOL_CONVERSION = YES;
				CLANG_WARN_COMMA = YES;
				CLANG_WARN_CONSTANT_CONVERSION = YES;
				CLANG_WARN_DEPRECATED_OBJC_IMPLEMENTATIONS = YES;
				CLANG_WARN_DIRECT_OBJC_ISA_USAGE = YES_ERROR;
				CLANG_WARN_DOCUMENTATION_COMMENTS = YES;
				CLANG_WARN_EMPTY_BODY = YES;
				CLANG_WARN_ENUM_CONVERSION = YES;
				CLANG_WARN_INFINITE_RECURSION = YES;
				CLANG_WARN_INT_CONVERSION = YES;
				CLANG_WARN_NON_LITERAL_NULL_CONVERSION = YES;
				CLANG_WARN_OBJC_IMPLICIT_RETAIN_SELF = YES;
				CLANG_WARN_OBJC_LITERAL_CONVERSION = YES;
				CLANG_WARN_OBJC_ROOT_CLASS = YES_ERROR;
				CLANG_WARN_QUOTED_INCLUDE_IN_FRAMEWORK_HEADER = YES;
				CLANG_WARN_RANGE_LOOP_ANALYSIS = YES;
				CLANG_WARN_STRICT_PROTOTYPES = YES;
				CLANG_WARN_SUSPICIOUS_MOVE = YES;
				CLANG_WARN_UNGUARDED_AVAILABILITY = YES_AGGRESSIVE;
				CLANG_WARN_UNREACHABLE_CODE = YES;
				CLANG_WARN__DUPLICATE_METHOD_MATCH = YES;
				COPY_PHASE_STRIP = NO;
				DEBUG_INFORMATION_FORMAT = "dwarf-with-dsym";
				ENABLE_NS_ASSERTIONS = NO;
				ENABLE_STRICT_OBJC_MSGSEND = YES;
				GCC_C_LANGUAGE_STANDARD = gnu11;
				GCC_NO_COMMON_BLOCKS = YES;
				GCC_WARN_64_TO_32_BIT_CONVERSION = YES;
				GCC_WARN_ABOUT_RETURN_TYPE = YES_ERROR;
				GCC_WARN_UNDECLARED_SELECTOR = YES;
				GCC_WARN_UNINITIALIZED_AUTOS = YES_AGGRESSIVE;
				GCC_WARN_UNUSED_FUNCTION = YES;
				GCC_WARN_UNUSED_VARIABLE = YES;
				IPHONEOS_DEPLOYMENT_TARGET = 16.4;
				MTL_ENABLE_DEBUG_INFO = NO;
				MTL_FAST_MATH = YES;
				SDKROOT = iphoneos;
				SWIFT_COMPILATION_MODE = wholemodule;
				SWIFT_OPTIMIZATION_LEVEL = "-O";
				VALIDATE_PRODUCT = YES;
			};
			name = Release;
		};
		6719A15A2A12657E000C9A32 /* Debug */ = {
			isa = XCBuildConfiguration;
			buildSettings = {
				ASSETCATALOG_COMPILER_APPICON_NAME = AppIcon;
				ASSETCATALOG_COMPILER_GLOBAL_ACCENT_COLOR_NAME = AccentColor;
				CODE_SIGN_STYLE = Automatic;
				CURRENT_PROJECT_VERSION = 1;
				DEVELOPMENT_ASSET_PATHS = "\"informationExam/Preview Content\"";
				ENABLE_PREVIEWS = YES;
				GENERATE_INFOPLIST_FILE = YES;
				INFOPLIST_KEY_UIApplicationSceneManifest_Generation = YES;
				INFOPLIST_KEY_UIApplicationSupportsIndirectInputEvents = YES;
				INFOPLIST_KEY_UILaunchScreen_Generation = YES;
				INFOPLIST_KEY_UISupportedInterfaceOrientations_iPad = "UIInterfaceOrientationPortrait UIInterfaceOrientationPortraitUpsideDown UIInterfaceOrientationLandscapeLeft UIInterfaceOrientationLandscapeRight";
				INFOPLIST_KEY_UISupportedInterfaceOrientations_iPhone = "UIInterfaceOrientationPortrait UIInterfaceOrientationLandscapeLeft UIInterfaceOrientationLandscapeRight";
				LD_RUNPATH_SEARCH_PATHS = (
					"$(inherited)",
					"@executable_path/Frameworks",
				);
				MARKETING_VERSION = 1.0;
				PRODUCT_BUNDLE_IDENTIFIER = com.nokhyun.informationExam;
				PRODUCT_NAME = "$(TARGET_NAME)";
				SWIFT_EMIT_LOC_STRINGS = YES;
				SWIFT_VERSION = 5.0;
				TARGETED_DEVICE_FAMILY = "1,2";
			};
			name = Debug;
		};
		6719A15B2A12657E000C9A32 /* Release */ = {
			isa = XCBuildConfiguration;
			buildSettings = {
				ASSETCATALOG_COMPILER_APPICON_NAME = AppIcon;
				ASSETCATALOG_COMPILER_GLOBAL_ACCENT_COLOR_NAME = AccentColor;
				CODE_SIGN_STYLE = Automatic;
				CURRENT_PROJECT_VERSION = 1;
				DEVELOPMENT_ASSET_PATHS = "\"informationExam/Preview Content\"";
				ENABLE_PREVIEWS = YES;
				GENERATE_INFOPLIST_FILE = YES;
				INFOPLIST_KEY_UIApplicationSceneManifest_Generation = YES;
				INFOPLIST_KEY_UIApplicationSupportsIndirectInputEvents = YES;
				INFOPLIST_KEY_UILaunchScreen_Generation = YES;
				INFOPLIST_KEY_UISupportedInterfaceOrientations_iPad = "UIInterfaceOrientationPortrait UIInterfaceOrientationPortraitUpsideDown UIInterfaceOrientationLandscapeLeft UIInterfaceOrientationLandscapeRight";
				INFOPLIST_KEY_UISupportedInterfaceOrientations_iPhone = "UIInterfaceOrientationPortrait UIInterfaceOrientationLandscapeLeft UIInterfaceOrientationLandscapeRight";
				LD_RUNPATH_SEARCH_PATHS = (
					"$(inherited)",
					"@executable_path/Frameworks",
				);
				MARKETING_VERSION = 1.0;
				PRODUCT_BUNDLE_IDENTIFIER = com.nokhyun.informationExam;
				PRODUCT_NAME = "$(TARGET_NAME)";
				SWIFT_EMIT_LOC_STRINGS = YES;
				SWIFT_VERSION = 5.0;
				TARGETED_DEVICE_FAMILY = "1,2";
			};
			name = Release;
		};
		6719A15D2A12657E000C9A32 /* Debug */ = {
			isa = XCBuildConfiguration;
			buildSettings = {
				ALWAYS_EMBED_SWIFT_STANDARD_LIBRARIES = YES;
				BUNDLE_LOADER = "$(TEST_HOST)";
				CODE_SIGN_STYLE = Automatic;
				CURRENT_PROJECT_VERSION = 1;
				GENERATE_INFOPLIST_FILE = YES;
				IPHONEOS_DEPLOYMENT_TARGET = 16.4;
				MARKETING_VERSION = 1.0;
				PRODUCT_BUNDLE_IDENTIFIER = com.nokhyun.informationExamTests;
				PRODUCT_NAME = "$(TARGET_NAME)";
				SWIFT_EMIT_LOC_STRINGS = NO;
				SWIFT_VERSION = 5.0;
				TARGETED_DEVICE_FAMILY = "1,2";
				TEST_HOST = "$(BUILT_PRODUCTS_DIR)/informationExam.app/$(BUNDLE_EXECUTABLE_FOLDER_PATH)/informationExam";
			};
			name = Debug;
		};
		6719A15E2A12657E000C9A32 /* Release */ = {
			isa = XCBuildConfiguration;
			buildSettings = {
				ALWAYS_EMBED_SWIFT_STANDARD_LIBRARIES = YES;
				BUNDLE_LOADER = "$(TEST_HOST)";
				CODE_SIGN_STYLE = Automatic;
				CURRENT_PROJECT_VERSION = 1;
				GENERATE_INFOPLIST_FILE = YES;
				IPHONEOS_DEPLOYMENT_TARGET = 16.4;
				MARKETING_VERSION = 1.0;
				PRODUCT_BUNDLE_IDENTIFIER = com.nokhyun.informationExamTests;
				PRODUCT_NAME = "$(TARGET_NAME)";
				SWIFT_EMIT_LOC_STRINGS = NO;
				SWIFT_VERSION = 5.0;
				TARGETED_DEVICE_FAMILY = "1,2";
				TEST_HOST = "$(BUILT_PRODUCTS_DIR)/informationExam.app/$(BUNDLE_EXECUTABLE_FOLDER_PATH)/informationExam";
			};
			name = Release;
		};
		6719A1602A12657E000C9A32 /* Debug */ = {
			isa = XCBuildConfiguration;
			buildSettings = {
				ALWAYS_EMBED_SWIFT_STANDARD_LIBRARIES = YES;
				CODE_SIGN_STYLE = Automatic;
				CURRENT_PROJECT_VERSION = 1;
				GENERATE_INFOPLIST_FILE = YES;
				MARKETING_VERSION = 1.0;
				PRODUCT_BUNDLE_IDENTIFIER = com.nokhyun.informationExamUITests;
				PRODUCT_NAME = "$(TARGET_NAME)";
				SWIFT_EMIT_LOC_STRINGS = NO;
				SWIFT_VERSION = 5.0;
				TARGETED_DEVICE_FAMILY = "1,2";
				TEST_TARGET_NAME = informationExam;
			};
			name = Debug;
		};
		6719A1612A12657E000C9A32 /* Release */ = {
			isa = XCBuildConfiguration;
			buildSettings = {
				ALWAYS_EMBED_SWIFT_STANDARD_LIBRARIES = YES;
				CODE_SIGN_STYLE = Automatic;
				CURRENT_PROJECT_VERSION = 1;
				GENERATE_INFOPLIST_FILE = YES;
				MARKETING_VERSION = 1.0;
				PRODUCT_BUNDLE_IDENTIFIER = com.nokhyun.informationExamUITests;
				PRODUCT_NAME = "$(TARGET_NAME)";
				SWIFT_EMIT_LOC_STRINGS = NO;
				SWIFT_VERSION = 5.0;
				TARGETED_DEVICE_FAMILY = "1,2";
				TEST_TARGET_NAME = informationExam;
			};
			name = Release;
		};
/* End XCBuildConfiguration section */

/* Begin XCConfigurationList section */
		6719A1302A12657D000C9A32 /* Build configuration list for PBXProject "informationExam" */ = {
			isa = XCConfigurationList;
			buildConfigurations = (
				6719A1572A12657E000C9A32 /* Debug */,
				6719A1582A12657E000C9A32 /* Release */,
			);
			defaultConfigurationIsVisible = 0;
			defaultConfigurationName = Release;
		};
		6719A1592A12657E000C9A32 /* Build configuration list for PBXNativeTarget "informationExam" */ = {
			isa = XCConfigurationList;
			buildConfigurations = (
				6719A15A2A12657E000C9A32 /* Debug */,
				6719A15B2A12657E000C9A32 /* Release */,
			);
			defaultConfigurationIsVisible = 0;
			defaultConfigurationName = Release;
		};
		6719A15C2A12657E000C9A32 /* Build configuration list for PBXNativeTarget "informationExamTests" */ = {
			isa = XCConfigurationList;
			buildConfigurations = (
				6719A15D2A12657E000C9A32 /* Debug */,
				6719A15E2A12657E000C9A32 /* Release */,
			);
			defaultConfigurationIsVisible = 0;
			defaultConfigurationName = Release;
		};
		6719A15F2A12657E000C9A32 /* Build configuration list for PBXNativeTarget "informationExamUITests" */ = {
			isa = XCConfigurationList;
			buildConfigurations = (
				6719A1602A12657E000C9A32 /* Debug */,
				6719A1612A12657E000C9A32 /* Release */,
			);
			defaultConfigurationIsVisible = 0;
			defaultConfigurationName = Release;
		};
/* End XCConfigurationList section */
	};
	rootObject = 6719A12D2A12657D000C9A32 /* Project object */;
}
